// !$*UTF8*$!
{
	archiveVersion = 1;
	classes = {
	};
	objectVersion = 50;
	objects = {

/* Begin PBXBuildFile section */
		3719BA7B25C7577900876FE2 /* AppDelegate.swift in Sources */ = {isa = PBXBuildFile; fileRef = 3719BA7A25C7577900876FE2 /* AppDelegate.swift */; };
		3719BA7D25C7577900876FE2 /* SceneDelegate.swift in Sources */ = {isa = PBXBuildFile; fileRef = 3719BA7C25C7577900876FE2 /* SceneDelegate.swift */; };
		3719BA7F25C7577900876FE2 /* ViewController.swift in Sources */ = {isa = PBXBuildFile; fileRef = 3719BA7E25C7577900876FE2 /* ViewController.swift */; };
		3719BA8225C7577900876FE2 /* Main.storyboard in Resources */ = {isa = PBXBuildFile; fileRef = 3719BA8025C7577900876FE2 /* Main.storyboard */; };
		3719BA8425C7578C00876FE2 /* Assets.xcassets in Resources */ = {isa = PBXBuildFile; fileRef = 3719BA8325C7578C00876FE2 /* Assets.xcassets */; };
		3719BA8725C7578C00876FE2 /* LaunchScreen.storyboard in Resources */ = {isa = PBXBuildFile; fileRef = 3719BA8525C7578C00876FE2 /* LaunchScreen.storyboard */; };
		3719BA9225C7578C00876FE2 /* Pre_WorkTests.swift in Sources */ = {isa = PBXBuildFile; fileRef = 3719BA9125C7578C00876FE2 /* Pre_WorkTests.swift */; };
		3719BA9D25C7578C00876FE2 /* Pre_WorkUITests.swift in Sources */ = {isa = PBXBuildFile; fileRef = 3719BA9C25C7578C00876FE2 /* Pre_WorkUITests.swift */; };
/* End PBXBuildFile section */

/* Begin PBXContainerItemProxy section */
		3719BA8E25C7578C00876FE2 /* PBXContainerItemProxy */ = {
			isa = PBXContainerItemProxy;
			containerPortal = 3719BA6F25C7577800876FE2 /* Project object */;
			proxyType = 1;
			remoteGlobalIDString = 3719BA7625C7577800876FE2;
			remoteInfo = "Pre-Work";
		};
		3719BA9925C7578C00876FE2 /* PBXContainerItemProxy */ = {
			isa = PBXContainerItemProxy;
			containerPortal = 3719BA6F25C7577800876FE2 /* Project object */;
			proxyType = 1;
			remoteGlobalIDString = 3719BA7625C7577800876FE2;
			remoteInfo = "Pre-Work";
		};
/* End PBXContainerItemProxy section */

/* Begin PBXFileReference section */
		3719BA7725C7577900876FE2 /* Pre-Work.app */ = {isa = PBXFileReference; explicitFileType = wrapper.application; includeInIndex = 0; path = "Pre-Work.app"; sourceTree = BUILT_PRODUCTS_DIR; };
		3719BA7A25C7577900876FE2 /* AppDelegate.swift */ = {isa = PBXFileReference; lastKnownFileType = sourcecode.swift; path = AppDelegate.swift; sourceTree = "<group>"; };
		3719BA7C25C7577900876FE2 /* SceneDelegate.swift */ = {isa = PBXFileReference; lastKnownFileType = sourcecode.swift; path = SceneDelegate.swift; sourceTree = "<group>"; };
		3719BA7E25C7577900876FE2 /* ViewController.swift */ = {isa = PBXFileReference; lastKnownFileType = sourcecode.swift; path = ViewController.swift; sourceTree = "<group>"; };
		3719BA8125C7577900876FE2 /* Base */ = {isa = PBXFileReference; lastKnownFileType = file.storyboard; name = Base; path = Base.lproj/Main.storyboard; sourceTree = "<group>"; };
		3719BA8325C7578C00876FE2 /* Assets.xcassets */ = {isa = PBXFileReference; lastKnownFileType = folder.assetcatalog; path = Assets.xcassets; sourceTree = "<group>"; };
		3719BA8625C7578C00876FE2 /* Base */ = {isa = PBXFileReference; lastKnownFileType = file.storyboard; name = Base; path = Base.lproj/LaunchScreen.storyboard; sourceTree = "<group>"; };
		3719BA8825C7578C00876FE2 /* Info.plist */ = {isa = PBXFileReference; lastKnownFileType = text.plist.xml; path = Info.plist; sourceTree = "<group>"; };
		3719BA8D25C7578C00876FE2 /* Pre-WorkTests.xctest */ = {isa = PBXFileReference; explicitFileType = wrapper.cfbundle; includeInIndex = 0; path = "Pre-WorkTests.xctest"; sourceTree = BUILT_PRODUCTS_DIR; };
		3719BA9125C7578C00876FE2 /* Pre_WorkTests.swift */ = {isa = PBXFileReference; lastKnownFileType = sourcecode.swift; path = Pre_WorkTests.swift; sourceTree = "<group>"; };
		3719BA9325C7578C00876FE2 /* Info.plist */ = {isa = PBXFileReference; lastKnownFileType = text.plist.xml; path = Info.plist; sourceTree = "<group>"; };
		3719BA9825C7578C00876FE2 /* Pre-WorkUITests.xctest */ = {isa = PBXFileReference; explicitFileType = wrapper.cfbundle; includeInIndex = 0; path = "Pre-WorkUITests.xctest"; sourceTree = BUILT_PRODUCTS_DIR; };
		3719BA9C25C7578C00876FE2 /* Pre_WorkUITests.swift */ = {isa = PBXFileReference; lastKnownFileType = sourcecode.swift; path = Pre_WorkUITests.swift; sourceTree = "<group>"; };
		3719BA9E25C7578C00876FE2 /* Info.plist */ = {isa = PBXFileReference; lastKnownFileType = text.plist.xml; path = Info.plist; sourceTree = "<group>"; };
/* End PBXFileReference section */

/* Begin PBXFrameworksBuildPhase section */
		3719BA7425C7577800876FE2 /* Frameworks */ = {
			isa = PBXFrameworksBuildPhase;
			buildActionMask = 2147483647;
			files = (
			);
			runOnlyForDeploymentPostprocessing = 0;
		};
		3719BA8A25C7578C00876FE2 /* Frameworks */ = {
			isa = PBXFrameworksBuildPhase;
			buildActionMask = 2147483647;
			files = (
			);
			runOnlyForDeploymentPostprocessing = 0;
		};
		3719BA9525C7578C00876FE2 /* Frameworks */ = {
			isa = PBXFrameworksBuildPhase;
			buildActionMask = 2147483647;
			files = (
			);
			runOnlyForDeploymentPostprocessing = 0;
		};
/* End PBXFrameworksBuildPhase section */

/* Begin PBXGroup section */
		3719BA6E25C7577800876FE2 = {
			isa = PBXGroup;
			children = (
				3719BA7925C7577900876FE2 /* Pre-Work */,
				3719BA9025C7578C00876FE2 /* Pre-WorkTests */,
				3719BA9B25C7578C00876FE2 /* Pre-WorkUITests */,
				3719BA7825C7577900876FE2 /* Products */,
			);
			sourceTree = "<group>";
		};
		3719BA7825C7577900876FE2 /* Products */ = {
			isa = PBXGroup;
			children = (
				3719BA7725C7577900876FE2 /* Pre-Work.app */,
				3719BA8D25C7578C00876FE2 /* Pre-WorkTests.xctest */,
				3719BA9825C7578C00876FE2 /* Pre-WorkUITests.xctest */,
			);
			name = Products;
			sourceTree = "<group>";
		};
		3719BA7925C7577900876FE2 /* Pre-Work */ = {
			isa = PBXGroup;
			children = (
				3719BA7A25C7577900876FE2 /* AppDelegate.swift */,
				3719BA7C25C7577900876FE2 /* SceneDelegate.swift */,
				3719BA7E25C7577900876FE2 /* ViewController.swift */,
				3719BA8025C7577900876FE2 /* Main.storyboard */,
				3719BA8325C7578C00876FE2 /* Assets.xcassets */,
				3719BA8525C7578C00876FE2 /* LaunchScreen.storyboard */,
				3719BA8825C7578C00876FE2 /* Info.plist */,
			);
			path = "Pre-Work";
			sourceTree = "<group>";
		};
		3719BA9025C7578C00876FE2 /* Pre-WorkTests */ = {
			isa = PBXGroup;
			children = (
				3719BA9125C7578C00876FE2 /* Pre_WorkTests.swift */,
				3719BA9325C7578C00876FE2 /* Info.plist */,
			);
			path = "Pre-WorkTests";
			sourceTree = "<group>";
		};
		3719BA9B25C7578C00876FE2 /* Pre-WorkUITests */ = {
			isa = PBXGroup;
			children = (
				3719BA9C25C7578C00876FE2 /* Pre_WorkUITests.swift */,
				3719BA9E25C7578C00876FE2 /* Info.plist */,
			);
			path = "Pre-WorkUITests";
			sourceTree = "<group>";
		};
/* End PBXGroup section */

/* Begin PBXNativeTarget section */
		3719BA7625C7577800876FE2 /* Pre-Work */ = {
			isa = PBXNativeTarget;
			buildConfigurationList = 3719BAA125C7578C00876FE2 /* Build configuration list for PBXNativeTarget "Pre-Work" */;
			buildPhases = (
				3719BA7325C7577800876FE2 /* Sources */,
				3719BA7425C7577800876FE2 /* Frameworks */,
				3719BA7525C7577800876FE2 /* Resources */,
			);
			buildRules = (
			);
			dependencies = (
			);
			name = "Pre-Work";
			productName = "Pre-Work";
			productReference = 3719BA7725C7577900876FE2 /* Pre-Work.app */;
			productType = "com.apple.product-type.application";
		};
		3719BA8C25C7578C00876FE2 /* Pre-WorkTests */ = {
			isa = PBXNativeTarget;
			buildConfigurationList = 3719BAA425C7578C00876FE2 /* Build configuration list for PBXNativeTarget "Pre-WorkTests" */;
			buildPhases = (
				3719BA8925C7578C00876FE2 /* Sources */,
				3719BA8A25C7578C00876FE2 /* Frameworks */,
				3719BA8B25C7578C00876FE2 /* Resources */,
			);
			buildRules = (
			);
			dependencies = (
				3719BA8F25C7578C00876FE2 /* PBXTargetDependency */,
			);
			name = "Pre-WorkTests";
			productName = "Pre-WorkTests";
			productReference = 3719BA8D25C7578C00876FE2 /* Pre-WorkTests.xctest */;
			productType = "com.apple.product-type.bundle.unit-test";
		};
		3719BA9725C7578C00876FE2 /* Pre-WorkUITests */ = {
			isa = PBXNativeTarget;
			buildConfigurationList = 3719BAA725C7578C00876FE2 /* Build configuration list for PBXNativeTarget "Pre-WorkUITests" */;
			buildPhases = (
				3719BA9425C7578C00876FE2 /* Sources */,
				3719BA9525C7578C00876FE2 /* Frameworks */,
				3719BA9625C7578C00876FE2 /* Resources */,
			);
			buildRules = (
			);
			dependencies = (
				3719BA9A25C7578C00876FE2 /* PBXTargetDependency */,
			);
			name = "Pre-WorkUITests";
			productName = "Pre-WorkUITests";
			productReference = 3719BA9825C7578C00876FE2 /* Pre-WorkUITests.xctest */;
			productType = "com.apple.product-type.bundle.ui-testing";
		};
/* End PBXNativeTarget section */

/* Begin PBXProject section */
		3719BA6F25C7577800876FE2 /* Project object */ = {
			isa = PBXProject;
			attributes = {
				LastSwiftUpdateCheck = 1240;
				LastUpgradeCheck = 1240;
				TargetAttributes = {
					3719BA7625C7577800876FE2 = {
						CreatedOnToolsVersion = 12.4;
					};
					3719BA8C25C7578C00876FE2 = {
						CreatedOnToolsVersion = 12.4;
						TestTargetID = 3719BA7625C7577800876FE2;
					};
					3719BA9725C7578C00876FE2 = {
						CreatedOnToolsVersion = 12.4;
						TestTargetID = 3719BA7625C7577800876FE2;
					};
				};
			};
			buildConfigurationList = 3719BA7225C7577800876FE2 /* Build configuration list for PBXProject "Pre-Work" */;
			compatibilityVersion = "Xcode 9.3";
			developmentRegion = en;
			hasScannedForEncodings = 0;
			knownRegions = (
				en,
				Base,
			);
			mainGroup = 3719BA6E25C7577800876FE2;
			productRefGroup = 3719BA7825C7577900876FE2 /* Products */;
			projectDirPath = "";
			projectRoot = "";
			targets = (
				3719BA7625C7577800876FE2 /* Pre-Work */,
				3719BA8C25C7578C00876FE2 /* Pre-WorkTests */,
				3719BA9725C7578C00876FE2 /* Pre-WorkUITests */,
			);
		};
/* End PBXProject section */

/* Begin PBXResourcesBuildPhase section */
		3719BA7525C7577800876FE2 /* Resources */ = {
			isa = PBXResourcesBuildPhase;
			buildActionMask = 2147483647;
			files = (
				3719BA8725C7578C00876FE2 /* LaunchScreen.storyboard in Resources */,
				3719BA8425C7578C00876FE2 /* Assets.xcassets in Resources */,
				3719BA8225C7577900876FE2 /* Main.storyboard in Resources */,
			);
			runOnlyForDeploymentPostprocessing = 0;
		};
		3719BA8B25C7578C00876FE2 /* Resources */ = {
			isa = PBXResourcesBuildPhase;
			buildActionMask = 2147483647;
			files = (
			);
			runOnlyForDeploymentPostprocessing = 0;
		};
		3719BA9625C7578C00876FE2 /* Resources */ = {
			isa = PBXResourcesBuildPhase;
			buildActionMask = 2147483647;
			files = (
			);
			runOnlyForDeploymentPostprocessing = 0;
		};
/* End PBXResourcesBuildPhase section */

/* Begin PBXSourcesBuildPhase section */
		3719BA7325C7577800876FE2 /* Sources */ = {
			isa = PBXSourcesBuildPhase;
			buildActionMask = 2147483647;
			files = (
				3719BA7F25C7577900876FE2 /* ViewController.swift in Sources */,
				3719BA7B25C7577900876FE2 /* AppDelegate.swift in Sources */,
				3719BA7D25C7577900876FE2 /* SceneDelegate.swift in Sources */,
			);
			runOnlyForDeploymentPostprocessing = 0;
		};
		3719BA8925C7578C00876FE2 /* Sources */ = {
			isa = PBXSourcesBuildPhase;
			buildActionMask = 2147483647;
			files = (
				3719BA9225C7578C00876FE2 /* Pre_WorkTests.swift in Sources */,
			);
			runOnlyForDeploymentPostprocessing = 0;
		};
		3719BA9425C7578C00876FE2 /* Sources */ = {
			isa = PBXSourcesBuildPhase;
			buildActionMask = 2147483647;
			files = (
				3719BA9D25C7578C00876FE2 /* Pre_WorkUITests.swift in Sources */,
			);
			runOnlyForDeploymentPostprocessing = 0;
		};
/* End PBXSourcesBuildPhase section */

/* Begin PBXTargetDependency section */
		3719BA8F25C7578C00876FE2 /* PBXTargetDependency */ = {
			isa = PBXTargetDependency;
			target = 3719BA7625C7577800876FE2 /* Pre-Work */;
			targetProxy = 3719BA8E25C7578C00876FE2 /* PBXContainerItemProxy */;
		};
		3719BA9A25C7578C00876FE2 /* PBXTargetDependency */ = {
			isa = PBXTargetDependency;
			target = 3719BA7625C7577800876FE2 /* Pre-Work */;
			targetProxy = 3719BA9925C7578C00876FE2 /* PBXContainerItemProxy */;
		};
/* End PBXTargetDependency section */

/* Begin PBXVariantGroup section */
		3719BA8025C7577900876FE2 /* Main.storyboard */ = {
			isa = PBXVariantGroup;
			children = (
				3719BA8125C7577900876FE2 /* Base */,
			);
			name = Main.storyboard;
			sourceTree = "<group>";
		};
		3719BA8525C7578C00876FE2 /* LaunchScreen.storyboard */ = {
			isa = PBXVariantGroup;
			children = (
				3719BA8625C7578C00876FE2 /* Base */,
			);
			name = LaunchScreen.storyboard;
			sourceTree = "<group>";
		};
/* End PBXVariantGroup section */

/* Begin XCBuildConfiguration section */
		3719BA9F25C7578C00876FE2 /* Debug */ = {
			isa = XCBuildConfiguration;
			buildSettings = {
				ALWAYS_SEARCH_USER_PATHS = NO;
				CLANG_ANALYZER_NONNULL = YES;
				CLANG_ANALYZER_NUMBER_OBJECT_CONVERSION = YES_AGGRESSIVE;
				CLANG_CXX_LANGUAGE_STANDARD = "gnu++14";
				CLANG_CXX_LIBRARY = "libc++";
				CLANG_ENABLE_MODULES = YES;
				CLANG_ENABLE_OBJC_ARC = YES;
				CLANG_ENABLE_OBJC_WEAK = YES;
				CLANG_WARN_BLOCK_CAPTURE_AUTORELEASING = YES;
				CLANG_WARN_BOOL_CONVERSION = YES;
				CLANG_WARN_COMMA = YES;
				CLANG_WARN_CONSTANT_CONVERSION = YES;
				CLANG_WARN_DEPRECATED_OBJC_IMPLEMENTATIONS = YES;
				CLANG_WARN_DIRECT_OBJC_ISA_USAGE = YES_ERROR;
				CLANG_WARN_DOCUMENTATION_COMMENTS = YES;
				CLANG_WARN_EMPTY_BODY = YES;
				CLANG_WARN_ENUM_CONVERSION = YES;
				CLANG_WARN_INFINITE_RECURSION = YES;
				CLANG_WARN_INT_CONVERSION = YES;
				CLANG_WARN_NON_LITERAL_NULL_CONVERSION = YES;
				CLANG_WARN_OBJC_IMPLICIT_RETAIN_SELF = YES;
				CLANG_WARN_OBJC_LITERAL_CONVERSION = YES;
				CLANG_WARN_OBJC_ROOT_CLASS = YES_ERROR;
				CLANG_WARN_QUOTED_INCLUDE_IN_FRAMEWORK_HEADER = YES;
				CLANG_WARN_RANGE_LOOP_ANALYSIS = YES;
				CLANG_WARN_STRICT_PROTOTYPES = YES;
				CLANG_WARN_SUSPICIOUS_MOVE = YES;
				CLANG_WARN_UNGUARDED_AVAILABILITY = YES_AGGRESSIVE;
				CLANG_WARN_UNREACHABLE_CODE = YES;
				CLANG_WARN__DUPLICATE_METHOD_MATCH = YES;
				COPY_PHASE_STRIP = NO;
				DEBUG_INFORMATION_FORMAT = dwarf;
				ENABLE_STRICT_OBJC_MSGSEND = YES;
				ENABLE_TESTABILITY = YES;
				GCC_C_LANGUAGE_STANDARD = gnu11;
				GCC_DYNAMIC_NO_PIC = NO;
				GCC_NO_COMMON_BLOCKS = YES;
				GCC_OPTIMIZATION_LEVEL = 0;
				GCC_PREPROCESSOR_DEFINITIONS = (
					"DEBUG=1",
					"$(inherited)",
				);
				GCC_WARN_64_TO_32_BIT_CONVERSION = YES;
				GCC_WARN_ABOUT_RETURN_TYPE = YES_ERROR;
				GCC_WARN_UNDECLARED_SELECTOR = YES;
				GCC_WARN_UNINITIALIZED_AUTOS = YES_AGGRESSIVE;
				GCC_WARN_UNUSED_FUNCTION = YES;
				GCC_WARN_UNUSED_VARIABLE = YES;
				IPHONEOS_DEPLOYMENT_TARGET = 14.4;
				MTL_ENABLE_DEBUG_INFO = INCLUDE_SOURCE;
				MTL_FAST_MATH = YES;
				ONLY_ACTIVE_ARCH = YES;
				SDKROOT = iphoneos;
				SWIFT_ACTIVE_COMPILATION_CONDITIONS = DEBUG;
				SWIFT_OPTIMIZATION_LEVEL = "-Onone";
			};
			name = Debug;
		};
		3719BAA025C7578C00876FE2 /* Release */ = {
			isa = XCBuildConfiguration;
			buildSettings = {
				ALWAYS_SEARCH_USER_PATHS = NO;
				CLANG_ANALYZER_NONNULL = YES;
				CLANG_ANALYZER_NUMBER_OBJECT_CONVERSION = YES_AGGRESSIVE;
				CLANG_CXX_LANGUAGE_STANDARD = "gnu++14";
				CLANG_CXX_LIBRARY = "libc++";
				CLANG_ENABLE_MODULES = YES;
				CLANG_ENABLE_OBJC_ARC = YES;
				CLANG_ENABLE_OBJC_WEAK = YES;
				CLANG_WARN_BLOCK_CAPTURE_AUTORELEASING = YES;
				CLANG_WARN_BOOL_CONVERSION = YES;
				CLANG_WARN_COMMA = YES;
				CLANG_WARN_CONSTANT_CONVERSION = YES;
				CLANG_WARN_DEPRECATED_OBJC_IMPLEMENTATIONS = YES;
				CLANG_WARN_DIRECT_OBJC_ISA_USAGE = YES_ERROR;
				CLANG_WARN_DOCUMENTATION_COMMENTS = YES;
				CLANG_WARN_EMPTY_BODY = YES;
				CLANG_WARN_ENUM_CONVERSION = YES;
				CLANG_WARN_INFINITE_RECURSION = YES;
				CLANG_WARN_INT_CONVERSION = YES;
				CLANG_WARN_NON_LITERAL_NULL_CONVERSION = YES;
				CLANG_WARN_OBJC_IMPLICIT_RETAIN_SELF = YES;
				CLANG_WARN_OBJC_LITERAL_CONVERSION = YES;
				CLANG_WARN_OBJC_ROOT_CLASS = YES_ERROR;
				CLANG_WARN_QUOTED_INCLUDE_IN_FRAMEWORK_HEADER = YES;
				CLANG_WARN_RANGE_LOOP_ANALYSIS = YES;
				CLANG_WARN_STRICT_PROTOTYPES = YES;
				CLANG_WARN_SUSPICIOUS_MOVE = YES;
				CLANG_WARN_UNGUARDED_AVAILABILITY = YES_AGGRESSIVE;
				CLANG_WARN_UNREACHABLE_CODE = YES;
				CLANG_WARN__DUPLICATE_METHOD_MATCH = YES;
				COPY_PHASE_STRIP = NO;
				DEBUG_INFORMATION_FORMAT = "dwarf-with-dsym";
				ENABLE_NS_ASSERTIONS = NO;
				ENABLE_STRICT_OBJC_MSGSEND = YES;
				GCC_C_LANGUAGE_STANDARD = gnu11;
				GCC_NO_COMMON_BLOCKS = YES;
				GCC_WARN_64_TO_32_BIT_CONVERSION = YES;
				GCC_WARN_ABOUT_RETURN_TYPE = YES_ERROR;
				GCC_WARN_UNDECLARED_SELECTOR = YES;
				GCC_WARN_UNINITIALIZED_AUTOS = YES_AGGRESSIVE;
				GCC_WARN_UNUSED_FUNCTION = YES;
				GCC_WARN_UNUSED_VARIABLE = YES;
				IPHONEOS_DEPLOYMENT_TARGET = 14.4;
				MTL_ENABLE_DEBUG_INFO = NO;
				MTL_FAST_MATH = YES;
				SDKROOT = iphoneos;
				SWIFT_COMPILATION_MODE = wholemodule;
				SWIFT_OPTIMIZATION_LEVEL = "-O";
				VALIDATE_PRODUCT = YES;
			};
			name = Release;
		};
		3719BAA225C7578C00876FE2 /* Debug */ = {
			isa = XCBuildConfiguration;
			buildSettings = {
				ASSETCATALOG_COMPILER_APPICON_NAME = AppIcon;
				ASSETCATALOG_COMPILER_GLOBAL_ACCENT_COLOR_NAME = AccentColor;
				CODE_SIGN_STYLE = Automatic;
				INFOPLIST_FILE = "Pre-Work/Info.plist";
				LD_RUNPATH_SEARCH_PATHS = (
					"$(inherited)",
					"@executable_path/Frameworks",
				);
				PRODUCT_BUNDLE_IDENTIFIER = "CSUMBFahyJacob.Pre-Work";
				PRODUCT_NAME = "$(TARGET_NAME)";
				SWIFT_VERSION = 5.0;
				TARGETED_DEVICE_FAMILY = "1,2";
			};
			name = Debug;
		};
		3719BAA325C7578C00876FE2 /* Release */ = {
			isa = XCBuildConfiguration;
			buildSettings = {
				ASSETCATALOG_COMPILER_APPICON_NAME = AppIcon;
				ASSETCATALOG_COMPILER_GLOBAL_ACCENT_COLOR_NAME = AccentColor;
				CODE_SIGN_STYLE = Automatic;
				INFOPLIST_FILE = "Pre-Work/Info.plist";
				LD_RUNPATH_SEARCH_PATHS = (
					"$(inherited)",
					"@executable_path/Frameworks",
				);
				PRODUCT_BUNDLE_IDENTIFIER = "CSUMBFahyJacob.Pre-Work";
				PRODUCT_NAME = "$(TARGET_NAME)";
				SWIFT_VERSION = 5.0;
				TARGETED_DEVICE_FAMILY = "1,2";
			};
			name = Release;
		};
		3719BAA525C7578C00876FE2 /* Debug */ = {
			isa = XCBuildConfiguration;
			buildSettings = {
				ALWAYS_EMBED_SWIFT_STANDARD_LIBRARIES = YES;
				BUNDLE_LOADER = "$(TEST_HOST)";
				CODE_SIGN_STYLE = Automatic;
				INFOPLIST_FILE = "Pre-WorkTests/Info.plist";
				IPHONEOS_DEPLOYMENT_TARGET = 14.4;
				LD_RUNPATH_SEARCH_PATHS = (
					"$(inherited)",
					"@executable_path/Frameworks",
					"@loader_path/Frameworks",
				);
				PRODUCT_BUNDLE_IDENTIFIER = "CSUMBFahyJacob.Pre-WorkTests";
				PRODUCT_NAME = "$(TARGET_NAME)";
				SWIFT_VERSION = 5.0;
				TARGETED_DEVICE_FAMILY = "1,2";
				TEST_HOST = "$(BUILT_PRODUCTS_DIR)/Pre-Work.app/Pre-Work";
			};
			name = Debug;
		};
		3719BAA625C7578C00876FE2 /* Release */ = {
			isa = XCBuildConfiguration;
			buildSettings = {
				ALWAYS_EMBED_SWIFT_STANDARD_LIBRARIES = YES;
				BUNDLE_LOADER = "$(TEST_HOST)";
				CODE_SIGN_STYLE = Automatic;
				INFOPLIST_FILE = "Pre-WorkTests/Info.plist";
				IPHONEOS_DEPLOYMENT_TARGET = 14.4;
				LD_RUNPATH_SEARCH_PATHS = (
					"$(inherited)",
					"@executable_path/Frameworks",
					"@loader_path/Frameworks",
				);
				PRODUCT_BUNDLE_IDENTIFIER = "CSUMBFahyJacob.Pre-WorkTests";
				PRODUCT_NAME = "$(TARGET_NAME)";
				SWIFT_VERSION = 5.0;
				TARGETED_DEVICE_FAMILY = "1,2";
				TEST_HOST = "$(BUILT_PRODUCTS_DIR)/Pre-Work.app/Pre-Work";
			};
			name = Release;
		};
		3719BAA825C7578C00876FE2 /* Debug */ = {
			isa = XCBuildConfiguration;
			buildSettings = {
				ALWAYS_EMBED_SWIFT_STANDARD_LIBRARIES = YES;
				CODE_SIGN_STYLE = Automatic;
				INFOPLIST_FILE = "Pre-WorkUITests/Info.plist";
				LD_RUNPATH_SEARCH_PATHS = (
					"$(inherited)",
					"@executable_path/Frameworks",
					"@loader_path/Frameworks",
				);
				PRODUCT_BUNDLE_IDENTIFIER = "CSUMBFahyJacob.Pre-WorkUITests";
				PRODUCT_NAME = "$(TARGET_NAME)";
				SWIFT_VERSION = 5.0;
				TARGETED_DEVICE_FAMILY = "1,2";
				TEST_TARGET_NAME = "Pre-Work";
			};
			name = Debug;
		};
		3719BAA925C7578C00876FE2 /* Release */ = {
			isa = XCBuildConfiguration;
			buildSettings = {
				ALWAYS_EMBED_SWIFT_STANDARD_LIBRARIES = YES;
				CODE_SIGN_STYLE = Automatic;
				INFOPLIST_FILE = "Pre-WorkUITests/Info.plist";
				LD_RUNPATH_SEARCH_PATHS = (
					"$(inherited)",
					"@executable_path/Frameworks",
					"@loader_path/Frameworks",
				);
				PRODUCT_BUNDLE_IDENTIFIER = "CSUMBFahyJacob.Pre-WorkUITests";
				PRODUCT_NAME = "$(TARGET_NAME)";
				SWIFT_VERSION = 5.0;
				TARGETED_DEVICE_FAMILY = "1,2";
				TEST_TARGET_NAME = "Pre-Work";
			};
			name = Release;
		};
/* End XCBuildConfiguration section */

/* Begin XCConfigurationList section */
		3719BA7225C7577800876FE2 /* Build configuration list for PBXProject "Pre-Work" */ = {
			isa = XCConfigurationList;
			buildConfigurations = (
				3719BA9F25C7578C00876FE2 /* Debug */,
				3719BAA025C7578C00876FE2 /* Release */,
			);
			defaultConfigurationIsVisible = 0;
			defaultConfigurationName = Release;
		};
		3719BAA125C7578C00876FE2 /* Build configuration list for PBXNativeTarget "Pre-Work" */ = {
			isa = XCConfigurationList;
			buildConfigurations = (
				3719BAA225C7578C00876FE2 /* Debug */,
				3719BAA325C7578C00876FE2 /* Release */,
			);
			defaultConfigurationIsVisible = 0;
			defaultConfigurationName = Release;
		};
		3719BAA425C7578C00876FE2 /* Build configuration list for PBXNativeTarget "Pre-WorkTests" */ = {
			isa = XCConfigurationList;
			buildConfigurations = (
				3719BAA525C7578C00876FE2 /* Debug */,
				3719BAA625C7578C00876FE2 /* Release */,
			);
			defaultConfigurationIsVisible = 0;
			defaultConfigurationName = Release;
		};
		3719BAA725C7578C00876FE2 /* Build configuration list for PBXNativeTarget "Pre-WorkUITests" */ = {
			isa = XCConfigurationList;
			buildConfigurations = (
				3719BAA825C7578C00876FE2 /* Debug */,
				3719BAA925C7578C00876FE2 /* Release */,
			);
			defaultConfigurationIsVisible = 0;
			defaultConfigurationName = Release;
		};
/* End XCConfigurationList section */
	};
	rootObject = 3719BA6F25C7577800876FE2 /* Project object */;
}
